
Microsoft Visual Studio Solution File, Format Version 12.00
# Visual Studio Version 17
VisualStudioVersion = 17.4.33205.214
MinimumVisualStudioVersion = 10.0.40219.1
Project("{FAE04EC0-301F-11D3-BF4B-00C04F79EFBC}") = "file", "file\file.csproj", "{64403B97-36D7-42B7-93D5-51E646A965BA}"
EndProject
Global
	GlobalSection(SolutionConfigurationPlatforms) = preSolution
		Debug|Any CPU = Debug|Any CPU
		Release|Any CPU = Release|Any CPU
	EndGlobalSection
	GlobalSection(ProjectConfigurationPlatforms) = postSolution
		{64403B97-36D7-42B7-93D5-51E646A965BA}.Debug|Any CPU.ActiveCfg = Debug|Any CPU
		{64403B97-36D7-42B7-93D5-51E646A965BA}.Debug|Any CPU.Build.0 = Debug|Any CPU
		{64403B97-36D7-42B7-93D5-51E646A965BA}.Release|Any CPU.ActiveCfg = Release|Any CPU
		{64403B97-36D7-42B7-93D5-51E646A965BA}.Release|Any CPU.Build.0 = Release|Any CPU
	EndGlobalSection
	GlobalSection(SolutionProperties) = preSolution
		HideSolutionNode = FALSE
	EndGlobalSection
	GlobalSection(ExtensibilityGlobals) = postSolution
		SolutionGuid = {FBF130D8-A656-4DFF-BEA8-ADD2D5A46261}
	EndGlobalSection
EndGlobal
